// !$*UTF8*$!
{
	archiveVersion = 1;
	classes = {
	};
	objectVersion = 50;
	objects = {

/* Begin PBXBuildFile section */
		C206D3E52417125400BD8E24 /* AppDelegate.swift in Sources */ = {isa = PBXBuildFile; fileRef = C206D3E42417125400BD8E24 /* AppDelegate.swift */; };
		C206D3E72417125400BD8E24 /* SceneDelegate.swift in Sources */ = {isa = PBXBuildFile; fileRef = C206D3E62417125400BD8E24 /* SceneDelegate.swift */; };
		C206D3E92417125400BD8E24 /* ContentView.swift in Sources */ = {isa = PBXBuildFile; fileRef = C206D3E82417125400BD8E24 /* ContentView.swift */; };
		C206D3EB2417125700BD8E24 /* Assets.xcassets in Resources */ = {isa = PBXBuildFile; fileRef = C206D3EA2417125700BD8E24 /* Assets.xcassets */; };
		C206D3EE2417125700BD8E24 /* Preview Assets.xcassets in Resources */ = {isa = PBXBuildFile; fileRef = C206D3ED2417125700BD8E24 /* Preview Assets.xcassets */; };
		C206D3F12417125700BD8E24 /* LaunchScreen.storyboard in Resources */ = {isa = PBXBuildFile; fileRef = C206D3EF2417125700BD8E24 /* LaunchScreen.storyboard */; };
		C22F6766241FEF5400144ED9 /* Home.swift in Sources */ = {isa = PBXBuildFile; fileRef = C22F6765241FEF5400144ED9 /* Home.swift */; };
		C29344092421778A00F91245 /* HomeView.swift in Sources */ = {isa = PBXBuildFile; fileRef = C29344082421778A00F91245 /* HomeView.swift */; };
		E5593F4D2426B22D007FBD7C /* UpdateStore.swift in Sources */ = {isa = PBXBuildFile; fileRef = E5593F4C2426B22D007FBD7C /* UpdateStore.swift */; };
		E56B882E2425E51D009E9F7E /* UpdateList.swift in Sources */ = {isa = PBXBuildFile; fileRef = E56B882D2425E51D009E9F7E /* UpdateList.swift */; };
		E56B88302425EB36009E9F7E /* UpdateDetail.swift in Sources */ = {isa = PBXBuildFile; fileRef = E56B882F2425EB36009E9F7E /* UpdateDetail.swift */; };
		E5E8ECB8241D9BE900D608AF /* MenuView.swift in Sources */ = {isa = PBXBuildFile; fileRef = E5E8ECB7241D9BE900D608AF /* MenuView.swift */; };
/* End PBXBuildFile section */

/* Begin PBXFileReference section */
		C206D3E12417125400BD8E24 /* DesignCode.app */ = {isa = PBXFileReference; explicitFileType = wrapper.application; includeInIndex = 0; path = DesignCode.app; sourceTree = BUILT_PRODUCTS_DIR; };
		C206D3E42417125400BD8E24 /* AppDelegate.swift */ = {isa = PBXFileReference; lastKnownFileType = sourcecode.swift; path = AppDelegate.swift; sourceTree = "<group>"; };
		C206D3E62417125400BD8E24 /* SceneDelegate.swift */ = {isa = PBXFileReference; lastKnownFileType = sourcecode.swift; path = SceneDelegate.swift; sourceTree = "<group>"; };
		C206D3E82417125400BD8E24 /* ContentView.swift */ = {isa = PBXFileReference; lastKnownFileType = sourcecode.swift; path = ContentView.swift; sourceTree = "<group>"; };
		C206D3EA2417125700BD8E24 /* Assets.xcassets */ = {isa = PBXFileReference; lastKnownFileType = folder.assetcatalog; path = Assets.xcassets; sourceTree = "<group>"; };
		C206D3ED2417125700BD8E24 /* Preview Assets.xcassets */ = {isa = PBXFileReference; lastKnownFileType = folder.assetcatalog; path = "Preview Assets.xcassets"; sourceTree = "<group>"; };
		C206D3F02417125700BD8E24 /* Base */ = {isa = PBXFileReference; lastKnownFileType = file.storyboard; name = Base; path = Base.lproj/LaunchScreen.storyboard; sourceTree = "<group>"; };
		C206D3F22417125700BD8E24 /* Info.plist */ = {isa = PBXFileReference; lastKnownFileType = text.plist.xml; path = Info.plist; sourceTree = "<group>"; };
		C22F6765241FEF5400144ED9 /* Home.swift */ = {isa = PBXFileReference; lastKnownFileType = sourcecode.swift; path = Home.swift; sourceTree = "<group>"; };
		C29344082421778A00F91245 /* HomeView.swift */ = {isa = PBXFileReference; lastKnownFileType = sourcecode.swift; path = HomeView.swift; sourceTree = "<group>"; };
		E5593F4C2426B22D007FBD7C /* UpdateStore.swift */ = {isa = PBXFileReference; lastKnownFileType = sourcecode.swift; path = UpdateStore.swift; sourceTree = "<group>"; };
		E56B882D2425E51D009E9F7E /* UpdateList.swift */ = {isa = PBXFileReference; lastKnownFileType = sourcecode.swift; path = UpdateList.swift; sourceTree = "<group>"; };
		E56B882F2425EB36009E9F7E /* UpdateDetail.swift */ = {isa = PBXFileReference; lastKnownFileType = sourcecode.swift; path = UpdateDetail.swift; sourceTree = "<group>"; };
		E5E8ECB7241D9BE900D608AF /* MenuView.swift */ = {isa = PBXFileReference; lastKnownFileType = sourcecode.swift; path = MenuView.swift; sourceTree = "<group>"; };
/* End PBXFileReference section */

/* Begin PBXFrameworksBuildPhase section */
		C206D3DE2417125400BD8E24 /* Frameworks */ = {
			isa = PBXFrameworksBuildPhase;
			buildActionMask = 2147483647;
			files = (
			);
			runOnlyForDeploymentPostprocessing = 0;
		};
/* End PBXFrameworksBuildPhase section */

/* Begin PBXGroup section */
		C206D3D82417125400BD8E24 = {
			isa = PBXGroup;
			children = (
				C206D3E32417125400BD8E24 /* DesignCode */,
				C206D3E22417125400BD8E24 /* Products */,
			);
			sourceTree = "<group>";
		};
		C206D3E22417125400BD8E24 /* Products */ = {
			isa = PBXGroup;
			children = (
				C206D3E12417125400BD8E24 /* DesignCode.app */,
			);
			name = Products;
			sourceTree = "<group>";
		};
		C206D3E32417125400BD8E24 /* DesignCode */ = {
			isa = PBXGroup;
			children = (
				C206D3E42417125400BD8E24 /* AppDelegate.swift */,
				C206D3E62417125400BD8E24 /* SceneDelegate.swift */,
				C206D3E82417125400BD8E24 /* ContentView.swift */,
				C22F6765241FEF5400144ED9 /* Home.swift */,
				C29344082421778A00F91245 /* HomeView.swift */,
				E5E8ECB7241D9BE900D608AF /* MenuView.swift */,
				E56B882D2425E51D009E9F7E /* UpdateList.swift */,
				E56B882F2425EB36009E9F7E /* UpdateDetail.swift */,
				E5593F4C2426B22D007FBD7C /* UpdateStore.swift */,
				C206D3EA2417125700BD8E24 /* Assets.xcassets */,
				C206D3EF2417125700BD8E24 /* LaunchScreen.storyboard */,
				C206D3F22417125700BD8E24 /* Info.plist */,
				C206D3EC2417125700BD8E24 /* Preview Content */,
			);
			path = DesignCode;
			sourceTree = "<group>";
		};
		C206D3EC2417125700BD8E24 /* Preview Content */ = {
			isa = PBXGroup;
			children = (
				C206D3ED2417125700BD8E24 /* Preview Assets.xcassets */,
			);
			path = "Preview Content";
			sourceTree = "<group>";
		};
/* End PBXGroup section */

/* Begin PBXNativeTarget section */
		C206D3E02417125400BD8E24 /* DesignCode */ = {
			isa = PBXNativeTarget;
			buildConfigurationList = C206D3F52417125700BD8E24 /* Build configuration list for PBXNativeTarget "DesignCode" */;
			buildPhases = (
				C206D3DD2417125400BD8E24 /* Sources */,
				C206D3DE2417125400BD8E24 /* Frameworks */,
				C206D3DF2417125400BD8E24 /* Resources */,
			);
			buildRules = (
			);
			dependencies = (
			);
			name = DesignCode;
			productName = DesignCode;
			productReference = C206D3E12417125400BD8E24 /* DesignCode.app */;
			productType = "com.apple.product-type.application";
		};
/* End PBXNativeTarget section */

/* Begin PBXProject section */
		C206D3D92417125400BD8E24 /* Project object */ = {
			isa = PBXProject;
			attributes = {
				LastSwiftUpdateCheck = 1130;
				LastUpgradeCheck = 1130;
				ORGANIZATIONNAME = "Felix Lin";
				TargetAttributes = {
					C206D3E02417125400BD8E24 = {
						CreatedOnToolsVersion = 11.3.1;
					};
				};
			};
			buildConfigurationList = C206D3DC2417125400BD8E24 /* Build configuration list for PBXProject "DesignCode" */;
			compatibilityVersion = "Xcode 9.3";
			developmentRegion = en;
			hasScannedForEncodings = 0;
			knownRegions = (
				en,
				Base,
			);
			mainGroup = C206D3D82417125400BD8E24;
			productRefGroup = C206D3E22417125400BD8E24 /* Products */;
			projectDirPath = "";
			projectRoot = "";
			targets = (
				C206D3E02417125400BD8E24 /* DesignCode */,
			);
		};
/* End PBXProject section */

/* Begin PBXResourcesBuildPhase section */
		C206D3DF2417125400BD8E24 /* Resources */ = {
			isa = PBXResourcesBuildPhase;
			buildActionMask = 2147483647;
			files = (
				C206D3F12417125700BD8E24 /* LaunchScreen.storyboard in Resources */,
				C206D3EE2417125700BD8E24 /* Preview Assets.xcassets in Resources */,
				C206D3EB2417125700BD8E24 /* Assets.xcassets in Resources */,
			);
			runOnlyForDeploymentPostprocessing = 0;
		};
/* End PBXResourcesBuildPhase section */

/* Begin PBXSourcesBuildPhase section */
		C206D3DD2417125400BD8E24 /* Sources */ = {
			isa = PBXSourcesBuildPhase;
			buildActionMask = 2147483647;
			files = (
				C206D3E52417125400BD8E24 /* AppDelegate.swift in Sources */,
				E5593F4D2426B22D007FBD7C /* UpdateStore.swift in Sources */,
				E56B882E2425E51D009E9F7E /* UpdateList.swift in Sources */,
				E5E8ECB8241D9BE900D608AF /* MenuView.swift in Sources */,
				E56B88302425EB36009E9F7E /* UpdateDetail.swift in Sources */,
				C22F6766241FEF5400144ED9 /* Home.swift in Sources */,
				C29344092421778A00F91245 /* HomeView.swift in Sources */,
				C206D3E72417125400BD8E24 /* SceneDelegate.swift in Sources */,
				C206D3E92417125400BD8E24 /* ContentView.swift in Sources */,
			);
			runOnlyForDeploymentPostprocessing = 0;
		};
/* End PBXSourcesBuildPhase section */

/* Begin PBXVariantGroup section */
		C206D3EF2417125700BD8E24 /* LaunchScreen.storyboard */ = {
			isa = PBXVariantGroup;
			children = (
				C206D3F02417125700BD8E24 /* Base */,
			);
			name = LaunchScreen.storyboard;
			sourceTree = "<group>";
		};
/* End PBXVariantGroup section */

/* Begin XCBuildConfiguration section */
		C206D3F32417125700BD8E24 /* Debug */ = {
			isa = XCBuildConfiguration;
			buildSettings = {
				ALWAYS_SEARCH_USER_PATHS = NO;
				CLANG_ANALYZER_NONNULL = YES;
				CLANG_ANALYZER_NUMBER_OBJECT_CONVERSION = YES_AGGRESSIVE;
				CLANG_CXX_LANGUAGE_STANDARD = "gnu++14";
				CLANG_CXX_LIBRARY = "libc++";
				CLANG_ENABLE_MODULES = YES;
				CLANG_ENABLE_OBJC_ARC = YES;
				CLANG_ENABLE_OBJC_WEAK = YES;
				CLANG_WARN_BLOCK_CAPTURE_AUTORELEASING = YES;
				CLANG_WARN_BOOL_CONVERSION = YES;
				CLANG_WARN_COMMA = YES;
				CLANG_WARN_CONSTANT_CONVERSION = YES;
				CLANG_WARN_DEPRECATED_OBJC_IMPLEMENTATIONS = YES;
				CLANG_WARN_DIRECT_OBJC_ISA_USAGE = YES_ERROR;
				CLANG_WARN_DOCUMENTATION_COMMENTS = YES;
				CLANG_WARN_EMPTY_BODY = YES;
				CLANG_WARN_ENUM_CONVERSION = YES;
				CLANG_WARN_INFINITE_RECURSION = YES;
				CLANG_WARN_INT_CONVERSION = YES;
				CLANG_WARN_NON_LITERAL_NULL_CONVERSION = YES;
				CLANG_WARN_OBJC_IMPLICIT_RETAIN_SELF = YES;
				CLANG_WARN_OBJC_LITERAL_CONVERSION = YES;
				CLANG_WARN_OBJC_ROOT_CLASS = YES_ERROR;
				CLANG_WARN_RANGE_LOOP_ANALYSIS = YES;
				CLANG_WARN_STRICT_PROTOTYPES = YES;
				CLANG_WARN_SUSPICIOUS_MOVE = YES;
				CLANG_WARN_UNGUARDED_AVAILABILITY = YES_AGGRESSIVE;
				CLANG_WARN_UNREACHABLE_CODE = YES;
				CLANG_WARN__DUPLICATE_METHOD_MATCH = YES;
				COPY_PHASE_STRIP = NO;
				DEBUG_INFORMATION_FORMAT = dwarf;
				ENABLE_STRICT_OBJC_MSGSEND = YES;
				ENABLE_TESTABILITY = YES;
				GCC_C_LANGUAGE_STANDARD = gnu11;
				GCC_DYNAMIC_NO_PIC = NO;
				GCC_NO_COMMON_BLOCKS = YES;
				GCC_OPTIMIZATION_LEVEL = 0;
				GCC_PREPROCESSOR_DEFINITIONS = (
					"DEBUG=1",
					"$(inherited)",
				);
				GCC_WARN_64_TO_32_BIT_CONVERSION = YES;
				GCC_WARN_ABOUT_RETURN_TYPE = YES_ERROR;
				GCC_WARN_UNDECLARED_SELECTOR = YES;
				GCC_WARN_UNINITIALIZED_AUTOS = YES_AGGRESSIVE;
				GCC_WARN_UNUSED_FUNCTION = YES;
				GCC_WARN_UNUSED_VARIABLE = YES;
				IPHONEOS_DEPLOYMENT_TARGET = 13.2;
				MTL_ENABLE_DEBUG_INFO = INCLUDE_SOURCE;
				MTL_FAST_MATH = YES;
				ONLY_ACTIVE_ARCH = YES;
				SDKROOT = iphoneos;
				SWIFT_ACTIVE_COMPILATION_CONDITIONS = DEBUG;
				SWIFT_OPTIMIZATION_LEVEL = "-Onone";
			};
			name = Debug;
		};
		C206D3F42417125700BD8E24 /* Release */ = {
			isa = XCBuildConfiguration;
			buildSettings = {
				ALWAYS_SEARCH_USER_PATHS = NO;
				CLANG_ANALYZER_NONNULL = YES;
				CLANG_ANALYZER_NUMBER_OBJECT_CONVERSION = YES_AGGRESSIVE;
				CLANG_CXX_LANGUAGE_STANDARD = "gnu++14";
				CLANG_CXX_LIBRARY = "libc++";
				CLANG_ENABLE_MODULES = YES;
				CLANG_ENABLE_OBJC_ARC = YES;
				CLANG_ENABLE_OBJC_WEAK = YES;
				CLANG_WARN_BLOCK_CAPTURE_AUTORELEASING = YES;
				CLANG_WARN_BOOL_CONVERSION = YES;
				CLANG_WARN_COMMA = YES;
				CLANG_WARN_CONSTANT_CONVERSION = YES;
				CLANG_WARN_DEPRECATED_OBJC_IMPLEMENTATIONS = YES;
				CLANG_WARN_DIRECT_OBJC_ISA_USAGE = YES_ERROR;
				CLANG_WARN_DOCUMENTATION_COMMENTS = YES;
				CLANG_WARN_EMPTY_BODY = YES;
				CLANG_WARN_ENUM_CONVERSION = YES;
				CLANG_WARN_INFINITE_RECURSION = YES;
				CLANG_WARN_INT_CONVERSION = YES;
				CLANG_WARN_NON_LITERAL_NULL_CONVERSION = YES;
				CLANG_WARN_OBJC_IMPLICIT_RETAIN_SELF = YES;
				CLANG_WARN_OBJC_LITERAL_CONVERSION = YES;
				CLANG_WARN_OBJC_ROOT_CLASS = YES_ERROR;
				CLANG_WARN_RANGE_LOOP_ANALYSIS = YES;
				CLANG_WARN_STRICT_PROTOTYPES = YES;
				CLANG_WARN_SUSPICIOUS_MOVE = YES;
				CLANG_WARN_UNGUARDED_AVAILABILITY = YES_AGGRESSIVE;
				CLANG_WARN_UNREACHABLE_CODE = YES;
				CLANG_WARN__DUPLICATE_METHOD_MATCH = YES;
				COPY_PHASE_STRIP = NO;
				DEBUG_INFORMATION_FORMAT = "dwarf-with-dsym";
				ENABLE_NS_ASSERTIONS = NO;
				ENABLE_STRICT_OBJC_MSGSEND = YES;
				GCC_C_LANGUAGE_STANDARD = gnu11;
				GCC_NO_COMMON_BLOCKS = YES;
				GCC_WARN_64_TO_32_BIT_CONVERSION = YES;
				GCC_WARN_ABOUT_RETURN_TYPE = YES_ERROR;
				GCC_WARN_UNDECLARED_SELECTOR = YES;
				GCC_WARN_UNINITIALIZED_AUTOS = YES_AGGRESSIVE;
				GCC_WARN_UNUSED_FUNCTION = YES;
				GCC_WARN_UNUSED_VARIABLE = YES;
				IPHONEOS_DEPLOYMENT_TARGET = 13.2;
				MTL_ENABLE_DEBUG_INFO = NO;
				MTL_FAST_MATH = YES;
				SDKROOT = iphoneos;
				SWIFT_COMPILATION_MODE = wholemodule;
				SWIFT_OPTIMIZATION_LEVEL = "-O";
				VALIDATE_PRODUCT = YES;
			};
			name = Release;
		};
		C206D3F62417125700BD8E24 /* Debug */ = {
			isa = XCBuildConfiguration;
			buildSettings = {
				ASSETCATALOG_COMPILER_APPICON_NAME = AppIcon;
				CODE_SIGN_STYLE = Automatic;
				DEVELOPMENT_ASSET_PATHS = "\"DesignCode/Preview Content\"";
				DEVELOPMENT_TEAM = MVGPSPVTNC;
				ENABLE_PREVIEWS = YES;
				INFOPLIST_FILE = DesignCode/Info.plist;
				LD_RUNPATH_SEARCH_PATHS = (
					"$(inherited)",
					"@executable_path/Frameworks",
				);
				PRODUCT_BUNDLE_IDENTIFIER = com.felix.DesignCode;
				PRODUCT_NAME = "$(TARGET_NAME)";
				SWIFT_VERSION = 5.0;
				TARGETED_DEVICE_FAMILY = "1,2";
			};
			name = Debug;
		};
		C206D3F72417125700BD8E24 /* Release */ = {
			isa = XCBuildConfiguration;
			buildSettings = {
				ASSETCATALOG_COMPILER_APPICON_NAME = AppIcon;
				CODE_SIGN_STYLE = Automatic;
				DEVELOPMENT_ASSET_PATHS = "\"DesignCode/Preview Content\"";
				DEVELOPMENT_TEAM = MVGPSPVTNC;
				ENABLE_PREVIEWS = YES;
				INFOPLIST_FILE = DesignCode/Info.plist;
				LD_RUNPATH_SEARCH_PATHS = (
					"$(inherited)",
					"@executable_path/Frameworks",
				);
				PRODUCT_BUNDLE_IDENTIFIER = com.felix.DesignCode;
				PRODUCT_NAME = "$(TARGET_NAME)";
				SWIFT_VERSION = 5.0;
				TARGETED_DEVICE_FAMILY = "1,2";
			};
			name = Release;
		};
/* End XCBuildConfiguration section */

/* Begin XCConfigurationList section */
		C206D3DC2417125400BD8E24 /* Build configuration list for PBXProject "DesignCode" */ = {
			isa = XCConfigurationList;
			buildConfigurations = (
				C206D3F32417125700BD8E24 /* Debug */,
				C206D3F42417125700BD8E24 /* Release */,
			);
			defaultConfigurationIsVisible = 0;
			defaultConfigurationName = Release;
		};
		C206D3F52417125700BD8E24 /* Build configuration list for PBXNativeTarget "DesignCode" */ = {
			isa = XCConfigurationList;
			buildConfigurations = (
				C206D3F62417125700BD8E24 /* Debug */,
				C206D3F72417125700BD8E24 /* Release */,
			);
			defaultConfigurationIsVisible = 0;
			defaultConfigurationName = Release;
		};
/* End XCConfigurationList section */
	};
	rootObject = C206D3D92417125400BD8E24 /* Project object */;
}
